
Microsoft Visual Studio Solution File, Format Version 12.00
# Visual Studio Version 16
VisualStudioVersion = 16.0.32802.440
MinimumVisualStudioVersion = 10.0.40219.1
Project("{9A19103F-16F7-4668-BE54-9A1E7A4F7556}") = "UserInterface", "UserInterface\UserInterface.csproj", "{0E030EF6-EBDB-4765-9A85-2B584FE47213}"
EndProject
Project("{9A19103F-16F7-4668-BE54-9A1E7A4F7556}") = "Core", "Core\Core.csproj", "{5F91307A-0B02-46E6-A6EB-CC5E7E65FA59}"
EndProject
Global
	GlobalSection(SolutionConfigurationPlatforms) = preSolution
		Debug|Any CPU = Debug|Any CPU
		Debug|x64 = Debug|x64
		Release|Any CPU = Release|Any CPU
		Release|x64 = Release|x64
	EndGlobalSection
	GlobalSection(ProjectConfigurationPlatforms) = postSolution
		{0E030EF6-EBDB-4765-9A85-2B584FE47213}.Debug|Any CPU.ActiveCfg = Debug|Any CPU
		{0E030EF6-EBDB-4765-9A85-2B584FE47213}.Debug|Any CPU.Build.0 = Debug|Any CPU
		{0E030EF6-EBDB-4765-9A85-2B584FE47213}.Debug|x64.ActiveCfg = Debug|x64
		{0E030EF6-EBDB-4765-9A85-2B584FE47213}.Debug|x64.Build.0 = Debug|x64
		{0E030EF6-EBDB-4765-9A85-2B584FE47213}.Release|Any CPU.ActiveCfg = Release|Any CPU
		{0E030EF6-EBDB-4765-9A85-2B584FE47213}.Release|Any CPU.Build.0 = Release|Any CPU
		{0E030EF6-EBDB-4765-9A85-2B584FE47213}.Release|x64.ActiveCfg = Release|x64
		{0E030EF6-EBDB-4765-9A85-2B584FE47213}.Release|x64.Build.0 = Release|x64
		{5F91307A-0B02-46E6-A6EB-CC5E7E65FA59}.Debug|Any CPU.ActiveCfg = Debug|Any CPU
		{5F91307A-0B02-46E6-A6EB-CC5E7E65FA59}.Debug|Any CPU.Build.0 = Debug|Any CPU
		{5F91307A-0B02-46E6-A6EB-CC5E7E65FA59}.Debug|x64.ActiveCfg = Debug|Any CPU
		{5F91307A-0B02-46E6-A6EB-CC5E7E65FA59}.Debug|x64.Build.0 = Debug|Any CPU
		{5F91307A-0B02-46E6-A6EB-CC5E7E65FA59}.Release|Any CPU.ActiveCfg = Release|Any CPU
		{5F91307A-0B02-46E6-A6EB-CC5E7E65FA59}.Release|Any CPU.Build.0 = Release|Any CPU
		{5F91307A-0B02-46E6-A6EB-CC5E7E65FA59}.Release|x64.ActiveCfg = Release|Any CPU
		{5F91307A-0B02-46E6-A6EB-CC5E7E65FA59}.Release|x64.Build.0 = Release|Any CPU
	EndGlobalSection
	GlobalSection(SolutionProperties) = preSolution
		HideSolutionNode = FALSE
	EndGlobalSection
	GlobalSection(ExtensibilityGlobals) = postSolution
		SolutionGuid = {A9570A18-4E06-4ED0-A912-0AAE476F244D}
	EndGlobalSection
EndGlobal
