
Microsoft Visual Studio Solution File, Format Version 12.00
# Visual Studio Version 16
VisualStudioVersion = 16.0.32802.440
MinimumVisualStudioVersion = 10.0.40219.1
Project("{FAE04EC0-301F-11D3-BF4B-00C04F79EFBC}") = "JustListen", "JustListen.csproj", "{1344D69A-073A-4419-BB58-DEECA1D6304C}"
EndProject
Project("{9A19103F-16F7-4668-BE54-9A1E7A4F7556}") = "JustListen.Core", "..\Core\JustListen.Core.csproj", "{959E57C5-1AA4-491C-8C9C-DF21A3B5CC84}"
EndProject
Project("{FAE04EC0-301F-11D3-BF4B-00C04F79EFBC}") = "UnitTest", "..\UnitTest\UnitTest.csproj", "{38574C5D-1C67-4843-A442-4A02BCE146FD}"
EndProject
Project("{FAE04EC0-301F-11D3-BF4B-00C04F79EFBC}") = "JustListen.CoreTest", "..\CoreTest\JustListen.CoreTest.csproj", "{012CEFC1-9513-4AA4-90B6-9D7015665616}"
EndProject
Global
	GlobalSection(SolutionConfigurationPlatforms) = preSolution
		Debug|Any CPU = Debug|Any CPU
		Debug|x64 = Debug|x64
		Debug|x86 = Debug|x86
		Release|Any CPU = Release|Any CPU
		Release|x64 = Release|x64
		Release|x86 = Release|x86
	EndGlobalSection
	GlobalSection(ProjectConfigurationPlatforms) = postSolution
		{1344D69A-073A-4419-BB58-DEECA1D6304C}.Debug|Any CPU.ActiveCfg = Debug|Any CPU
		{1344D69A-073A-4419-BB58-DEECA1D6304C}.Debug|Any CPU.Build.0 = Debug|Any CPU
		{1344D69A-073A-4419-BB58-DEECA1D6304C}.Debug|x64.ActiveCfg = Debug|Any CPU
		{1344D69A-073A-4419-BB58-DEECA1D6304C}.Debug|x64.Build.0 = Debug|Any CPU
		{1344D69A-073A-4419-BB58-DEECA1D6304C}.Debug|x86.ActiveCfg = Debug|Any CPU
		{1344D69A-073A-4419-BB58-DEECA1D6304C}.Debug|x86.Build.0 = Debug|Any CPU
		{1344D69A-073A-4419-BB58-DEECA1D6304C}.Release|Any CPU.ActiveCfg = Release|Any CPU
		{1344D69A-073A-4419-BB58-DEECA1D6304C}.Release|Any CPU.Build.0 = Release|Any CPU
		{1344D69A-073A-4419-BB58-DEECA1D6304C}.Release|x64.ActiveCfg = Release|Any CPU
		{1344D69A-073A-4419-BB58-DEECA1D6304C}.Release|x64.Build.0 = Release|Any CPU
		{1344D69A-073A-4419-BB58-DEECA1D6304C}.Release|x86.ActiveCfg = Release|Any CPU
		{1344D69A-073A-4419-BB58-DEECA1D6304C}.Release|x86.Build.0 = Release|Any CPU
		{959E57C5-1AA4-491C-8C9C-DF21A3B5CC84}.Debug|Any CPU.ActiveCfg = Debug|Any CPU
		{959E57C5-1AA4-491C-8C9C-DF21A3B5CC84}.Debug|Any CPU.Build.0 = Debug|Any CPU
		{959E57C5-1AA4-491C-8C9C-DF21A3B5CC84}.Debug|x64.ActiveCfg = Debug|x64
		{959E57C5-1AA4-491C-8C9C-DF21A3B5CC84}.Debug|x64.Build.0 = Debug|x64
		{959E57C5-1AA4-491C-8C9C-DF21A3B5CC84}.Debug|x86.ActiveCfg = Debug|x86
		{959E57C5-1AA4-491C-8C9C-DF21A3B5CC84}.Debug|x86.Build.0 = Debug|x86
		{959E57C5-1AA4-491C-8C9C-DF21A3B5CC84}.Release|Any CPU.ActiveCfg = Release|Any CPU
		{959E57C5-1AA4-491C-8C9C-DF21A3B5CC84}.Release|Any CPU.Build.0 = Release|Any CPU
		{959E57C5-1AA4-491C-8C9C-DF21A3B5CC84}.Release|x64.ActiveCfg = Release|x64
		{959E57C5-1AA4-491C-8C9C-DF21A3B5CC84}.Release|x64.Build.0 = Release|x64
		{959E57C5-1AA4-491C-8C9C-DF21A3B5CC84}.Release|x86.ActiveCfg = Release|x86
		{959E57C5-1AA4-491C-8C9C-DF21A3B5CC84}.Release|x86.Build.0 = Release|x86
		{38574C5D-1C67-4843-A442-4A02BCE146FD}.Debug|Any CPU.ActiveCfg = Debug|Any CPU
		{38574C5D-1C67-4843-A442-4A02BCE146FD}.Debug|Any CPU.Build.0 = Debug|Any CPU
		{38574C5D-1C67-4843-A442-4A02BCE146FD}.Debug|x64.ActiveCfg = Debug|Any CPU
		{38574C5D-1C67-4843-A442-4A02BCE146FD}.Debug|x64.Build.0 = Debug|Any CPU
		{38574C5D-1C67-4843-A442-4A02BCE146FD}.Debug|x86.ActiveCfg = Debug|Any CPU
		{38574C5D-1C67-4843-A442-4A02BCE146FD}.Debug|x86.Build.0 = Debug|Any CPU
		{38574C5D-1C67-4843-A442-4A02BCE146FD}.Release|Any CPU.ActiveCfg = Release|Any CPU
		{38574C5D-1C67-4843-A442-4A02BCE146FD}.Release|Any CPU.Build.0 = Release|Any CPU
		{38574C5D-1C67-4843-A442-4A02BCE146FD}.Release|x64.ActiveCfg = Release|Any CPU
		{38574C5D-1C67-4843-A442-4A02BCE146FD}.Release|x64.Build.0 = Release|Any CPU
		{38574C5D-1C67-4843-A442-4A02BCE146FD}.Release|x86.ActiveCfg = Release|Any CPU
		{38574C5D-1C67-4843-A442-4A02BCE146FD}.Release|x86.Build.0 = Release|Any CPU
		{012CEFC1-9513-4AA4-90B6-9D7015665616}.Debug|Any CPU.ActiveCfg = Debug|Any CPU
		{012CEFC1-9513-4AA4-90B6-9D7015665616}.Debug|Any CPU.Build.0 = Debug|Any CPU
		{012CEFC1-9513-4AA4-90B6-9D7015665616}.Debug|x64.ActiveCfg = Debug|Any CPU
		{012CEFC1-9513-4AA4-90B6-9D7015665616}.Debug|x64.Build.0 = Debug|Any CPU
		{012CEFC1-9513-4AA4-90B6-9D7015665616}.Debug|x86.ActiveCfg = Debug|Any CPU
		{012CEFC1-9513-4AA4-90B6-9D7015665616}.Debug|x86.Build.0 = Debug|Any CPU
		{012CEFC1-9513-4AA4-90B6-9D7015665616}.Release|Any CPU.ActiveCfg = Release|Any CPU
		{012CEFC1-9513-4AA4-90B6-9D7015665616}.Release|Any CPU.Build.0 = Release|Any CPU
		{012CEFC1-9513-4AA4-90B6-9D7015665616}.Release|x64.ActiveCfg = Release|Any CPU
		{012CEFC1-9513-4AA4-90B6-9D7015665616}.Release|x64.Build.0 = Release|Any CPU
		{012CEFC1-9513-4AA4-90B6-9D7015665616}.Release|x86.ActiveCfg = Release|Any CPU
		{012CEFC1-9513-4AA4-90B6-9D7015665616}.Release|x86.Build.0 = Release|Any CPU
	EndGlobalSection
	GlobalSection(SolutionProperties) = preSolution
		HideSolutionNode = FALSE
	EndGlobalSection
	GlobalSection(ExtensibilityGlobals) = postSolution
		SolutionGuid = {50254742-83D4-41B8-84D4-159406135FF5}
	EndGlobalSection
EndGlobal
